
Microsoft Visual Studio Solution File, Format Version 12.00
# Visual Studio Version 17
VisualStudioVersion = 17.13.35919.96 d17.13
MinimumVisualStudioVersion = 10.0.40219.1
Project("{FAE04EC0-301F-11D3-BF4B-00C04F79EFBC}") = "LagrangePolynomial", "LagrangePolynomial.csproj", "{31E058AC-1B44-4BD1-9B25-33D6E84018C1}"
EndProject
Global
	GlobalSection(SolutionConfigurationPlatforms) = preSolution
		Debug|Any CPU = Debug|Any CPU
		Release|Any CPU = Release|Any CPU
	EndGlobalSection
	GlobalSection(ProjectConfigurationPlatforms) = postSolution
		{31E058AC-1B44-4BD1-9B25-33D6E84018C1}.Debug|Any CPU.ActiveCfg = Debug|Any CPU
		{31E058AC-1B44-4BD1-9B25-33D6E84018C1}.Debug|Any CPU.Build.0 = Debug|Any CPU
		{31E058AC-1B44-4BD1-9B25-33D6E84018C1}.Release|Any CPU.ActiveCfg = Release|Any CPU
		{31E058AC-1B44-4BD1-9B25-33D6E84018C1}.Release|Any CPU.Build.0 = Release|Any CPU
	EndGlobalSection
	GlobalSection(SolutionProperties) = preSolution
		HideSolutionNode = FALSE
	EndGlobalSection
	GlobalSection(ExtensibilityGlobals) = postSolution
		SolutionGuid = {D657523C-2873-43C0-9D70-1780C4D2E4BF}
	EndGlobalSection
EndGlobal
